
Microsoft Visual Studio Solution File, Format Version 12.00
# Visual Studio Version 16
VisualStudioVersion = 16.0.29215.179
MinimumVisualStudioVersion = 10.0.40219.1
Project("{FAE04EC0-301F-11D3-BF4B-00C04F79EFBC}") = "Starting CM", "Starting CM\Starting CM.csproj", "{5C65C2B3-F084-41AA-BEE8-727F8994C382}"
EndProject
Global
	GlobalSection(SolutionConfigurationPlatforms) = preSolution
		Debug|Any CPU = Debug|Any CPU
		Release|Any CPU = Release|Any CPU
	EndGlobalSection
	GlobalSection(ProjectConfigurationPlatforms) = postSolution
		{5C65C2B3-F084-41AA-BEE8-727F8994C382}.Debug|Any CPU.ActiveCfg = Debug|Any CPU
		{5C65C2B3-F084-41AA-BEE8-727F8994C382}.Debug|Any CPU.Build.0 = Debug|Any CPU
		{5C65C2B3-F084-41AA-BEE8-727F8994C382}.Release|Any CPU.ActiveCfg = Release|Any CPU
		{5C65C2B3-F084-41AA-BEE8-727F8994C382}.Release|Any CPU.Build.0 = Release|Any CPU
	EndGlobalSection
	GlobalSection(SolutionProperties) = preSolution
		HideSolutionNode = FALSE
	EndGlobalSection
	GlobalSection(ExtensibilityGlobals) = postSolution
		SolutionGuid = {9FB945AD-EBDB-4265-93AA-AD9832326390}
	EndGlobalSection
EndGlobal
